
Microsoft Visual Studio Solution File, Format Version 12.00
# Visual Studio 2013
VisualStudioVersion = 12.0.30501.0
MinimumVisualStudioVersion = 10.0.40219.1
Project("{FAE04EC0-301F-11D3-BF4B-00C04F79EFBC}") = "OwinMiddlewares.Log4net", "OwinMiddlewares.Log4net\OwinMiddlewares.Log4net.csproj", "{9820F399-D8C0-4170-8660-12366F9D1C43}"
EndProject
Project("{FAE04EC0-301F-11D3-BF4B-00C04F79EFBC}") = "OwinMiddlewares.Test", "OwinMiddlewares.Test\OwinMiddlewares.Test.csproj", "{529E54F5-6D2F-4508-9F9B-AAA044486830}"
EndProject
Global
	GlobalSection(SolutionConfigurationPlatforms) = preSolution
		Debug|Any CPU = Debug|Any CPU
		Release|Any CPU = Release|Any CPU
	EndGlobalSection
	GlobalSection(ProjectConfigurationPlatforms) = postSolution
		{9820F399-D8C0-4170-8660-12366F9D1C43}.Debug|Any CPU.ActiveCfg = Debug|Any CPU
		{9820F399-D8C0-4170-8660-12366F9D1C43}.Debug|Any CPU.Build.0 = Debug|Any CPU
		{9820F399-D8C0-4170-8660-12366F9D1C43}.Release|Any CPU.ActiveCfg = Release|Any CPU
		{9820F399-D8C0-4170-8660-12366F9D1C43}.Release|Any CPU.Build.0 = Release|Any CPU
		{529E54F5-6D2F-4508-9F9B-AAA044486830}.Debug|Any CPU.ActiveCfg = Debug|Any CPU
		{529E54F5-6D2F-4508-9F9B-AAA044486830}.Debug|Any CPU.Build.0 = Debug|Any CPU
		{529E54F5-6D2F-4508-9F9B-AAA044486830}.Release|Any CPU.ActiveCfg = Release|Any CPU
		{529E54F5-6D2F-4508-9F9B-AAA044486830}.Release|Any CPU.Build.0 = Release|Any CPU
	EndGlobalSection
	GlobalSection(SolutionProperties) = preSolution
		HideSolutionNode = FALSE
	EndGlobalSection
EndGlobal
